// !$*UTF8*$!
{
	archiveVersion = 1;
	classes = {
	};
	objectVersion = 55;
	objects = {

/* Begin PBXBuildFile section */
		40B837B526FF6ABD00DF2D2B /* CollageApp.swift in Sources */ = {isa = PBXBuildFile; fileRef = 40B837A526FF6ABB00DF2D2B /* CollageApp.swift */; };
		40B837B626FF6ABD00DF2D2B /* CollageApp.swift in Sources */ = {isa = PBXBuildFile; fileRef = 40B837A526FF6ABB00DF2D2B /* CollageApp.swift */; };
		40B837B926FF6ABD00DF2D2B /* Assets.xcassets in Resources */ = {isa = PBXBuildFile; fileRef = 40B837A726FF6ABD00DF2D2B /* Assets.xcassets */; };
		40B837BA26FF6ABD00DF2D2B /* Assets.xcassets in Resources */ = {isa = PBXBuildFile; fileRef = 40B837A726FF6ABD00DF2D2B /* Assets.xcassets */; };
		40B837C626FF6B1F00DF2D2B /* CanvasView.swift in Sources */ = {isa = PBXBuildFile; fileRef = 40B837C526FF6B1F00DF2D2B /* CanvasView.swift */; };
		40B837C826FF6B4400DF2D2B /* CanvasViewModel.swift in Sources */ = {isa = PBXBuildFile; fileRef = 40B837C726FF6B4400DF2D2B /* CanvasViewModel.swift */; };
		40B837CA26FF6F7D00DF2D2B /* PhotosPickerView.swift in Sources */ = {isa = PBXBuildFile; fileRef = 40B837C926FF6F7C00DF2D2B /* PhotosPickerView.swift */; };
		40B837CC2702A63800DF2D2B /* CameraPickerView.swift in Sources */ = {isa = PBXBuildFile; fileRef = 40B837CB2702A63800DF2D2B /* CameraPickerView.swift */; };
/* End PBXBuildFile section */

/* Begin PBXFileReference section */
		40B837A526FF6ABB00DF2D2B /* CollageApp.swift */ = {isa = PBXFileReference; lastKnownFileType = sourcecode.swift; path = CollageApp.swift; sourceTree = "<group>"; };
		40B837A726FF6ABD00DF2D2B /* Assets.xcassets */ = {isa = PBXFileReference; lastKnownFileType = folder.assetcatalog; path = Assets.xcassets; sourceTree = "<group>"; };
		40B837AC26FF6ABD00DF2D2B /* Collage.app */ = {isa = PBXFileReference; explicitFileType = wrapper.application; includeInIndex = 0; path = Collage.app; sourceTree = BUILT_PRODUCTS_DIR; };
		40B837B226FF6ABD00DF2D2B /* Collage.app */ = {isa = PBXFileReference; explicitFileType = wrapper.application; includeInIndex = 0; path = Collage.app; sourceTree = BUILT_PRODUCTS_DIR; };
		40B837B426FF6ABD00DF2D2B /* macOS.entitlements */ = {isa = PBXFileReference; lastKnownFileType = text.plist.entitlements; path = macOS.entitlements; sourceTree = "<group>"; };
		40B837C526FF6B1F00DF2D2B /* CanvasView.swift */ = {isa = PBXFileReference; lastKnownFileType = sourcecode.swift; path = CanvasView.swift; sourceTree = "<group>"; };
		40B837C726FF6B4400DF2D2B /* CanvasViewModel.swift */ = {isa = PBXFileReference; lastKnownFileType = sourcecode.swift; path = CanvasViewModel.swift; sourceTree = "<group>"; };
		40B837C926FF6F7C00DF2D2B /* PhotosPickerView.swift */ = {isa = PBXFileReference; lastKnownFileType = sourcecode.swift; path = PhotosPickerView.swift; sourceTree = "<group>"; };
		40B837CB2702A63800DF2D2B /* CameraPickerView.swift */ = {isa = PBXFileReference; lastKnownFileType = sourcecode.swift; path = CameraPickerView.swift; sourceTree = "<group>"; };
/* End PBXFileReference section */

/* Begin PBXFrameworksBuildPhase section */
		40B837A926FF6ABD00DF2D2B /* Frameworks */ = {
			isa = PBXFrameworksBuildPhase;
			buildActionMask = 2147483647;
			files = (
			);
			runOnlyForDeploymentPostprocessing = 0;
		};
		40B837AF26FF6ABD00DF2D2B /* Frameworks */ = {
			isa = PBXFrameworksBuildPhase;
			buildActionMask = 2147483647;
			files = (
			);
			runOnlyForDeploymentPostprocessing = 0;
		};
/* End PBXFrameworksBuildPhase section */

/* Begin PBXGroup section */
		40B8379F26FF6ABB00DF2D2B = {
			isa = PBXGroup;
			children = (
				40B837A426FF6ABB00DF2D2B /* Shared */,
				40B837B326FF6ABD00DF2D2B /* macOS */,
				40B837AD26FF6ABD00DF2D2B /* Products */,
			);
			sourceTree = "<group>";
		};
		40B837A426FF6ABB00DF2D2B /* Shared */ = {
			isa = PBXGroup;
			children = (
				40B837C326FF6ADE00DF2D2B /* Scenes */,
				40B837A526FF6ABB00DF2D2B /* CollageApp.swift */,
				40B837A726FF6ABD00DF2D2B /* Assets.xcassets */,
			);
			path = Shared;
			sourceTree = "<group>";
		};
		40B837AD26FF6ABD00DF2D2B /* Products */ = {
			isa = PBXGroup;
			children = (
				40B837AC26FF6ABD00DF2D2B /* Collage.app */,
				40B837B226FF6ABD00DF2D2B /* Collage.app */,
			);
			name = Products;
			sourceTree = "<group>";
		};
		40B837B326FF6ABD00DF2D2B /* macOS */ = {
			isa = PBXGroup;
			children = (
				40B837B426FF6ABD00DF2D2B /* macOS.entitlements */,
			);
			path = macOS;
			sourceTree = "<group>";
		};
		40B837C326FF6ADE00DF2D2B /* Scenes */ = {
			isa = PBXGroup;
			children = (
				40B837C426FF6AE800DF2D2B /* Canvas */,
			);
			path = Scenes;
			sourceTree = "<group>";
		};
		40B837C426FF6AE800DF2D2B /* Canvas */ = {
			isa = PBXGroup;
			children = (
				40B837C526FF6B1F00DF2D2B /* CanvasView.swift */,
				40B837C726FF6B4400DF2D2B /* CanvasViewModel.swift */,
				40B837C926FF6F7C00DF2D2B /* PhotosPickerView.swift */,
				40B837CB2702A63800DF2D2B /* CameraPickerView.swift */,
			);
			path = Canvas;
			sourceTree = "<group>";
		};
/* End PBXGroup section */

/* Begin PBXNativeTarget section */
		40B837AB26FF6ABD00DF2D2B /* Collage (iOS) */ = {
			isa = PBXNativeTarget;
			buildConfigurationList = 40B837BD26FF6ABD00DF2D2B /* Build configuration list for PBXNativeTarget "Collage (iOS)" */;
			buildPhases = (
				40B837A826FF6ABD00DF2D2B /* Sources */,
				40B837A926FF6ABD00DF2D2B /* Frameworks */,
				40B837AA26FF6ABD00DF2D2B /* Resources */,
			);
			buildRules = (
			);
			dependencies = (
			);
			name = "Collage (iOS)";
			productName = "Collage (iOS)";
			productReference = 40B837AC26FF6ABD00DF2D2B /* Collage.app */;
			productType = "com.apple.product-type.application";
		};
		40B837B126FF6ABD00DF2D2B /* Collage (macOS) */ = {
			isa = PBXNativeTarget;
			buildConfigurationList = 40B837C026FF6ABD00DF2D2B /* Build configuration list for PBXNativeTarget "Collage (macOS)" */;
			buildPhases = (
				40B837AE26FF6ABD00DF2D2B /* Sources */,
				40B837AF26FF6ABD00DF2D2B /* Frameworks */,
				40B837B026FF6ABD00DF2D2B /* Resources */,
			);
			buildRules = (
			);
			dependencies = (
			);
			name = "Collage (macOS)";
			productName = "Collage (macOS)";
			productReference = 40B837B226FF6ABD00DF2D2B /* Collage.app */;
			productType = "com.apple.product-type.application";
		};
/* End PBXNativeTarget section */

/* Begin PBXProject section */
		40B837A026FF6ABB00DF2D2B /* Project object */ = {
			isa = PBXProject;
			attributes = {
				BuildIndependentTargetsInParallel = 1;
				LastSwiftUpdateCheck = 1300;
				LastUpgradeCheck = 1300;
				TargetAttributes = {
					40B837AB26FF6ABD00DF2D2B = {
						CreatedOnToolsVersion = 13.0;
					};
					40B837B126FF6ABD00DF2D2B = {
						CreatedOnToolsVersion = 13.0;
					};
				};
			};
			buildConfigurationList = 40B837A326FF6ABB00DF2D2B /* Build configuration list for PBXProject "Collage" */;
			compatibilityVersion = "Xcode 13.0";
			developmentRegion = en;
			hasScannedForEncodings = 0;
			knownRegions = (
				en,
				Base,
			);
			mainGroup = 40B8379F26FF6ABB00DF2D2B;
			productRefGroup = 40B837AD26FF6ABD00DF2D2B /* Products */;
			projectDirPath = "";
			projectRoot = "";
			targets = (
				40B837AB26FF6ABD00DF2D2B /* Collage (iOS) */,
				40B837B126FF6ABD00DF2D2B /* Collage (macOS) */,
			);
		};
/* End PBXProject section */

/* Begin PBXResourcesBuildPhase section */
		40B837AA26FF6ABD00DF2D2B /* Resources */ = {
			isa = PBXResourcesBuildPhase;
			buildActionMask = 2147483647;
			files = (
				40B837B926FF6ABD00DF2D2B /* Assets.xcassets in Resources */,
			);
			runOnlyForDeploymentPostprocessing = 0;
		};
		40B837B026FF6ABD00DF2D2B /* Resources */ = {
			isa = PBXResourcesBuildPhase;
			buildActionMask = 2147483647;
			files = (
				40B837BA26FF6ABD00DF2D2B /* Assets.xcassets in Resources */,
			);
			runOnlyForDeploymentPostprocessing = 0;
		};
/* End PBXResourcesBuildPhase section */

/* Begin PBXSourcesBuildPhase section */
		40B837A826FF6ABD00DF2D2B /* Sources */ = {
			isa = PBXSourcesBuildPhase;
			buildActionMask = 2147483647;
			files = (
				40B837CC2702A63800DF2D2B /* CameraPickerView.swift in Sources */,
				40B837B526FF6ABD00DF2D2B /* CollageApp.swift in Sources */,
				40B837C626FF6B1F00DF2D2B /* CanvasView.swift in Sources */,
				40B837C826FF6B4400DF2D2B /* CanvasViewModel.swift in Sources */,
				40B837CA26FF6F7D00DF2D2B /* PhotosPickerView.swift in Sources */,
			);
			runOnlyForDeploymentPostprocessing = 0;
		};
		40B837AE26FF6ABD00DF2D2B /* Sources */ = {
			isa = PBXSourcesBuildPhase;
			buildActionMask = 2147483647;
			files = (
				40B837B626FF6ABD00DF2D2B /* CollageApp.swift in Sources */,
			);
			runOnlyForDeploymentPostprocessing = 0;
		};
/* End PBXSourcesBuildPhase section */

/* Begin XCBuildConfiguration section */
		40B837BB26FF6ABD00DF2D2B /* Debug */ = {
			isa = XCBuildConfiguration;
			buildSettings = {
				ALWAYS_SEARCH_USER_PATHS = NO;
				CLANG_ANALYZER_NONNULL = YES;
				CLANG_ANALYZER_NUMBER_OBJECT_CONVERSION = YES_AGGRESSIVE;
				CLANG_CXX_LANGUAGE_STANDARD = "gnu++17";
				CLANG_CXX_LIBRARY = "libc++";
				CLANG_ENABLE_MODULES = YES;
				CLANG_ENABLE_OBJC_ARC = YES;
				CLANG_ENABLE_OBJC_WEAK = YES;
				CLANG_WARN_BLOCK_CAPTURE_AUTORELEASING = YES;
				CLANG_WARN_BOOL_CONVERSION = YES;
				CLANG_WARN_COMMA = YES;
				CLANG_WARN_CONSTANT_CONVERSION = YES;
				CLANG_WARN_DEPRECATED_OBJC_IMPLEMENTATIONS = YES;
				CLANG_WARN_DIRECT_OBJC_ISA_USAGE = YES_ERROR;
				CLANG_WARN_DOCUMENTATION_COMMENTS = YES;
				CLANG_WARN_EMPTY_BODY = YES;
				CLANG_WARN_ENUM_CONVERSION = YES;
				CLANG_WARN_INFINITE_RECURSION = YES;
				CLANG_WARN_INT_CONVERSION = YES;
				CLANG_WARN_NON_LITERAL_NULL_CONVERSION = YES;
				CLANG_WARN_OBJC_IMPLICIT_RETAIN_SELF = YES;
				CLANG_WARN_OBJC_LITERAL_CONVERSION = YES;
				CLANG_WARN_OBJC_ROOT_CLASS = YES_ERROR;
				CLANG_WARN_QUOTED_INCLUDE_IN_FRAMEWORK_HEADER = YES;
				CLANG_WARN_RANGE_LOOP_ANALYSIS = YES;
				CLANG_WARN_STRICT_PROTOTYPES = YES;
				CLANG_WARN_SUSPICIOUS_MOVE = YES;
				CLANG_WARN_UNGUARDED_AVAILABILITY = YES_AGGRESSIVE;
				CLANG_WARN_UNREACHABLE_CODE = YES;
				CLANG_WARN__DUPLICATE_METHOD_MATCH = YES;
				COPY_PHASE_STRIP = NO;
				DEBUG_INFORMATION_FORMAT = dwarf;
				ENABLE_STRICT_OBJC_MSGSEND = YES;
				ENABLE_TESTABILITY = YES;
				GCC_C_LANGUAGE_STANDARD = gnu11;
				GCC_DYNAMIC_NO_PIC = NO;
				GCC_NO_COMMON_BLOCKS = YES;
				GCC_OPTIMIZATION_LEVEL = 0;
				GCC_PREPROCESSOR_DEFINITIONS = (
					"DEBUG=1",
					"$(inherited)",
				);
				GCC_WARN_64_TO_32_BIT_CONVERSION = YES;
				GCC_WARN_ABOUT_RETURN_TYPE = YES_ERROR;
				GCC_WARN_UNDECLARED_SELECTOR = YES;
				GCC_WARN_UNINITIALIZED_AUTOS = YES_AGGRESSIVE;
				GCC_WARN_UNUSED_FUNCTION = YES;
				GCC_WARN_UNUSED_VARIABLE = YES;
				MTL_ENABLE_DEBUG_INFO = INCLUDE_SOURCE;
				MTL_FAST_MATH = YES;
				ONLY_ACTIVE_ARCH = YES;
				SWIFT_ACTIVE_COMPILATION_CONDITIONS = DEBUG;
				SWIFT_OPTIMIZATION_LEVEL = "-Onone";
			};
			name = Debug;
		};
		40B837BC26FF6ABD00DF2D2B /* Release */ = {
			isa = XCBuildConfiguration;
			buildSettings = {
				ALWAYS_SEARCH_USER_PATHS = NO;
				CLANG_ANALYZER_NONNULL = YES;
				CLANG_ANALYZER_NUMBER_OBJECT_CONVERSION = YES_AGGRESSIVE;
				CLANG_CXX_LANGUAGE_STANDARD = "gnu++17";
				CLANG_CXX_LIBRARY = "libc++";
				CLANG_ENABLE_MODULES = YES;
				CLANG_ENABLE_OBJC_ARC = YES;
				CLANG_ENABLE_OBJC_WEAK = YES;
				CLANG_WARN_BLOCK_CAPTURE_AUTORELEASING = YES;
				CLANG_WARN_BOOL_CONVERSION = YES;
				CLANG_WARN_COMMA = YES;
				CLANG_WARN_CONSTANT_CONVERSION = YES;
				CLANG_WARN_DEPRECATED_OBJC_IMPLEMENTATIONS = YES;
				CLANG_WARN_DIRECT_OBJC_ISA_USAGE = YES_ERROR;
				CLANG_WARN_DOCUMENTATION_COMMENTS = YES;
				CLANG_WARN_EMPTY_BODY = YES;
				CLANG_WARN_ENUM_CONVERSION = YES;
				CLANG_WARN_INFINITE_RECURSION = YES;
				CLANG_WARN_INT_CONVERSION = YES;
				CLANG_WARN_NON_LITERAL_NULL_CONVERSION = YES;
				CLANG_WARN_OBJC_IMPLICIT_RETAIN_SELF = YES;
				CLANG_WARN_OBJC_LITERAL_CONVERSION = YES;
				CLANG_WARN_OBJC_ROOT_CLASS = YES_ERROR;
				CLANG_WARN_QUOTED_INCLUDE_IN_FRAMEWORK_HEADER = YES;
				CLANG_WARN_RANGE_LOOP_ANALYSIS = YES;
				CLANG_WARN_STRICT_PROTOTYPES = YES;
				CLANG_WARN_SUSPICIOUS_MOVE = YES;
				CLANG_WARN_UNGUARDED_AVAILABILITY = YES_AGGRESSIVE;
				CLANG_WARN_UNREACHABLE_CODE = YES;
				CLANG_WARN__DUPLICATE_METHOD_MATCH = YES;
				COPY_PHASE_STRIP = NO;
				DEBUG_INFORMATION_FORMAT = "dwarf-with-dsym";
				ENABLE_NS_ASSERTIONS = NO;
				ENABLE_STRICT_OBJC_MSGSEND = YES;
				GCC_C_LANGUAGE_STANDARD = gnu11;
				GCC_NO_COMMON_BLOCKS = YES;
				GCC_WARN_64_TO_32_BIT_CONVERSION = YES;
				GCC_WARN_ABOUT_RETURN_TYPE = YES_ERROR;
				GCC_WARN_UNDECLARED_SELECTOR = YES;
				GCC_WARN_UNINITIALIZED_AUTOS = YES_AGGRESSIVE;
				GCC_WARN_UNUSED_FUNCTION = YES;
				GCC_WARN_UNUSED_VARIABLE = YES;
				MTL_ENABLE_DEBUG_INFO = NO;
				MTL_FAST_MATH = YES;
				SWIFT_COMPILATION_MODE = wholemodule;
				SWIFT_OPTIMIZATION_LEVEL = "-O";
			};
			name = Release;
		};
		40B837BE26FF6ABD00DF2D2B /* Debug */ = {
			isa = XCBuildConfiguration;
			buildSettings = {
				ASSETCATALOG_COMPILER_APPICON_NAME = AppIcon;
				ASSETCATALOG_COMPILER_GLOBAL_ACCENT_COLOR_NAME = AccentColor;
				CODE_SIGN_STYLE = Automatic;
				CURRENT_PROJECT_VERSION = 1;
				DEVELOPMENT_TEAM = "";
				ENABLE_PREVIEWS = YES;
				GENERATE_INFOPLIST_FILE = YES;
				INFOPLIST_KEY_NSCameraUsageDescription = "Collage needs access to the camera if you want to display the pictures you take";
				INFOPLIST_KEY_UIApplicationSceneManifest_Generation = YES;
				INFOPLIST_KEY_UIApplicationSupportsIndirectInputEvents = YES;
				INFOPLIST_KEY_UILaunchScreen_Generation = YES;
				INFOPLIST_KEY_UISupportedInterfaceOrientations_iPad = "UIInterfaceOrientationPortrait UIInterfaceOrientationPortraitUpsideDown UIInterfaceOrientationLandscapeLeft UIInterfaceOrientationLandscapeRight";
				INFOPLIST_KEY_UISupportedInterfaceOrientations_iPhone = "UIInterfaceOrientationPortrait UIInterfaceOrientationLandscapeLeft UIInterfaceOrientationLandscapeRight";
				IPHONEOS_DEPLOYMENT_TARGET = 15.0;
				LD_RUNPATH_SEARCH_PATHS = (
					"$(inherited)",
					"@executable_path/Frameworks",
				);
				MARKETING_VERSION = 1.0;
				PRODUCT_BUNDLE_IDENTIFIER = com.CodingWithTom.Collage;
				PRODUCT_NAME = Collage;
				SDKROOT = iphoneos;
				SWIFT_EMIT_LOC_STRINGS = YES;
				SWIFT_VERSION = 5.0;
				TARGETED_DEVICE_FAMILY = "1,2";
			};
			name = Debug;
		};
		40B837BF26FF6ABD00DF2D2B /* Release */ = {
			isa = XCBuildConfiguration;
			buildSettings = {
				ASSETCATALOG_COMPILER_APPICON_NAME = AppIcon;
				ASSETCATALOG_COMPILER_GLOBAL_ACCENT_COLOR_NAME = AccentColor;
				CODE_SIGN_STYLE = Automatic;
				CURRENT_PROJECT_VERSION = 1;
				DEVELOPMENT_TEAM = "";
				ENABLE_PREVIEWS = YES;
				GENERATE_INFOPLIST_FILE = YES;
				INFOPLIST_KEY_NSCameraUsageDescription = "Collage needs access to the camera if you want to display the pictures you take";
				INFOPLIST_KEY_UIApplicationSceneManifest_Generation = YES;
				INFOPLIST_KEY_UIApplicationSupportsIndirectInputEvents = YES;
				INFOPLIST_KEY_UILaunchScreen_Generation = YES;
				INFOPLIST_KEY_UISupportedInterfaceOrientations_iPad = "UIInterfaceOrientationPortrait UIInterfaceOrientationPortraitUpsideDown UIInterfaceOrientationLandscapeLeft UIInterfaceOrientationLandscapeRight";
				INFOPLIST_KEY_UISupportedInterfaceOrientations_iPhone = "UIInterfaceOrientationPortrait UIInterfaceOrientationLandscapeLeft UIInterfaceOrientationLandscapeRight";
				IPHONEOS_DEPLOYMENT_TARGET = 15.0;
				LD_RUNPATH_SEARCH_PATHS = (
					"$(inherited)",
					"@executable_path/Frameworks",
				);
				MARKETING_VERSION = 1.0;
				PRODUCT_BUNDLE_IDENTIFIER = com.CodingWithTom.Collage;
				PRODUCT_NAME = Collage;
				SDKROOT = iphoneos;
				SWIFT_EMIT_LOC_STRINGS = YES;
				SWIFT_VERSION = 5.0;
				TARGETED_DEVICE_FAMILY = "1,2";
				VALIDATE_PRODUCT = YES;
			};
			name = Release;
		};
		40B837C126FF6ABD00DF2D2B /* Debug */ = {
			isa = XCBuildConfiguration;
			buildSettings = {
				ASSETCATALOG_COMPILER_APPICON_NAME = AppIcon;
				ASSETCATALOG_COMPILER_GLOBAL_ACCENT_COLOR_NAME = AccentColor;
				CODE_SIGN_ENTITLEMENTS = macOS/macOS.entitlements;
				CODE_SIGN_STYLE = Automatic;
				COMBINE_HIDPI_IMAGES = YES;
				CURRENT_PROJECT_VERSION = 1;
				ENABLE_PREVIEWS = YES;
				GENERATE_INFOPLIST_FILE = YES;
				INFOPLIST_KEY_NSHumanReadableCopyright = "";
				LD_RUNPATH_SEARCH_PATHS = (
					"$(inherited)",
					"@executable_path/../Frameworks",
				);
				MACOSX_DEPLOYMENT_TARGET = 11.0;
				MARKETING_VERSION = 1.0;
				PRODUCT_BUNDLE_IDENTIFIER = com.CodingWithTom.Collage;
				PRODUCT_NAME = Collage;
				SDKROOT = macosx;
				SWIFT_EMIT_LOC_STRINGS = YES;
				SWIFT_VERSION = 5.0;
			};
			name = Debug;
		};
		40B837C226FF6ABD00DF2D2B /* Release */ = {
			isa = XCBuildConfiguration;
			buildSettings = {
				ASSETCATALOG_COMPILER_APPICON_NAME = AppIcon;
				ASSETCATALOG_COMPILER_GLOBAL_ACCENT_COLOR_NAME = AccentColor;
				CODE_SIGN_ENTITLEMENTS = macOS/macOS.entitlements;
				CODE_SIGN_STYLE = Automatic;
				COMBINE_HIDPI_IMAGES = YES;
				CURRENT_PROJECT_VERSION = 1;
				ENABLE_PREVIEWS = YES;
				GENERATE_INFOPLIST_FILE = YES;
				INFOPLIST_KEY_NSHumanReadableCopyright = "";
				LD_RUNPATH_SEARCH_PATHS = (
					"$(inherited)",
					"@executable_path/../Frameworks",
				);
				MACOSX_DEPLOYMENT_TARGET = 11.0;
				MARKETING_VERSION = 1.0;
				PRODUCT_BUNDLE_IDENTIFIER = com.CodingWithTom.Collage;
				PRODUCT_NAME = Collage;
				SDKROOT = macosx;
				SWIFT_EMIT_LOC_STRINGS = YES;
				SWIFT_VERSION = 5.0;
			};
			name = Release;
		};
/* End XCBuildConfiguration section */

/* Begin XCConfigurationList section */
		40B837A326FF6ABB00DF2D2B /* Build configuration list for PBXProject "Collage" */ = {
			isa = XCConfigurationList;
			buildConfigurations = (
				40B837BB26FF6ABD00DF2D2B /* Debug */,
				40B837BC26FF6ABD00DF2D2B /* Release */,
			);
			defaultConfigurationIsVisible = 0;
			defaultConfigurationName = Release;
		};
		40B837BD26FF6ABD00DF2D2B /* Build configuration list for PBXNativeTarget "Collage (iOS)" */ = {
			isa = XCConfigurationList;
			buildConfigurations = (
				40B837BE26FF6ABD00DF2D2B /* Debug */,
				40B837BF26FF6ABD00DF2D2B /* Release */,
			);
			defaultConfigurationIsVisible = 0;
			defaultConfigurationName = Release;
		};
		40B837C026FF6ABD00DF2D2B /* Build configuration list for PBXNativeTarget "Collage (macOS)" */ = {
			isa = XCConfigurationList;
			buildConfigurations = (
				40B837C126FF6ABD00DF2D2B /* Debug */,
				40B837C226FF6ABD00DF2D2B /* Release */,
			);
			defaultConfigurationIsVisible = 0;
			defaultConfigurationName = Release;
		};
/* End XCConfigurationList section */
	};
	rootObject = 40B837A026FF6ABB00DF2D2B /* Project object */;
}
